// !$*UTF8*$!
{
	archiveVersion = 1;
	classes = {
	};
	objectVersion = 55;
	objects = {

/* Begin PBXBuildFile section */
		496D636E29E6878000ABF8C1 /* AppDelegate.swift in Sources */ = {isa = PBXBuildFile; fileRef = 496D636D29E6878000ABF8C1 /* AppDelegate.swift */; };
		496D637029E6878000ABF8C1 /* SceneDelegate.swift in Sources */ = {isa = PBXBuildFile; fileRef = 496D636F29E6878000ABF8C1 /* SceneDelegate.swift */; };
		496D637229E6878000ABF8C1 /* ViewController.swift in Sources */ = {isa = PBXBuildFile; fileRef = 496D637129E6878000ABF8C1 /* ViewController.swift */; };
		496D637529E6878000ABF8C1 /* Main.storyboard in Resources */ = {isa = PBXBuildFile; fileRef = 496D637329E6878000ABF8C1 /* Main.storyboard */; };
		496D637729E6878100ABF8C1 /* Assets.xcassets in Resources */ = {isa = PBXBuildFile; fileRef = 496D637629E6878100ABF8C1 /* Assets.xcassets */; };
		496D637A29E6878100ABF8C1 /* LaunchScreen.storyboard in Resources */ = {isa = PBXBuildFile; fileRef = 496D637829E6878100ABF8C1 /* LaunchScreen.storyboard */; };
		496D638D29E687A600ABF8C1 /* FMDatabaseAdditions.m in Sources */ = {isa = PBXBuildFile; fileRef = 496D638329E687A600ABF8C1 /* FMDatabaseAdditions.m */; };
		496D638E29E687A600ABF8C1 /* FMDatabaseQueue.m in Sources */ = {isa = PBXBuildFile; fileRef = 496D638429E687A600ABF8C1 /* FMDatabaseQueue.m */; };
		496D638F29E687A600ABF8C1 /* FMDatabasePool.m in Sources */ = {isa = PBXBuildFile; fileRef = 496D638529E687A600ABF8C1 /* FMDatabasePool.m */; };
		496D639029E687A600ABF8C1 /* FMDatabase.m in Sources */ = {isa = PBXBuildFile; fileRef = 496D638629E687A600ABF8C1 /* FMDatabase.m */; };
		496D639129E687A600ABF8C1 /* FMResultSet.m in Sources */ = {isa = PBXBuildFile; fileRef = 496D638929E687A600ABF8C1 /* FMResultSet.m */; };
		496D639329E687CB00ABF8C1 /* fmdb.swift in Sources */ = {isa = PBXBuildFile; fileRef = 496D639229E687CB00ABF8C1 /* fmdb.swift */; };
		496D639929E68C6300ABF8C1 /* ViewController2.swift in Sources */ = {isa = PBXBuildFile; fileRef = 496D639829E68C6300ABF8C1 /* ViewController2.swift */; };
		496D639B29E68CB200ABF8C1 /* MyTableViewCell.swift in Sources */ = {isa = PBXBuildFile; fileRef = 496D639A29E68CB200ABF8C1 /* MyTableViewCell.swift */; };
/* End PBXBuildFile section */

/* Begin PBXFileReference section */
		496D636A29E6878000ABF8C1 /* examLocalDataBase.app */ = {isa = PBXFileReference; explicitFileType = wrapper.application; includeInIndex = 0; path = examLocalDataBase.app; sourceTree = BUILT_PRODUCTS_DIR; };
		496D636D29E6878000ABF8C1 /* AppDelegate.swift */ = {isa = PBXFileReference; lastKnownFileType = sourcecode.swift; path = AppDelegate.swift; sourceTree = "<group>"; };
		496D636F29E6878000ABF8C1 /* SceneDelegate.swift */ = {isa = PBXFileReference; lastKnownFileType = sourcecode.swift; path = SceneDelegate.swift; sourceTree = "<group>"; };
		496D637129E6878000ABF8C1 /* ViewController.swift */ = {isa = PBXFileReference; lastKnownFileType = sourcecode.swift; path = ViewController.swift; sourceTree = "<group>"; };
		496D637429E6878000ABF8C1 /* Base */ = {isa = PBXFileReference; lastKnownFileType = file.storyboard; name = Base; path = Base.lproj/Main.storyboard; sourceTree = "<group>"; };
		496D637629E6878100ABF8C1 /* Assets.xcassets */ = {isa = PBXFileReference; lastKnownFileType = folder.assetcatalog; path = Assets.xcassets; sourceTree = "<group>"; };
		496D637929E6878100ABF8C1 /* Base */ = {isa = PBXFileReference; lastKnownFileType = file.storyboard; name = Base; path = Base.lproj/LaunchScreen.storyboard; sourceTree = "<group>"; };
		496D637B29E6878100ABF8C1 /* Info.plist */ = {isa = PBXFileReference; lastKnownFileType = text.plist.xml; path = Info.plist; sourceTree = "<group>"; };
		496D638129E687A600ABF8C1 /* examLocalDataBase-Bridging-Header.h */ = {isa = PBXFileReference; lastKnownFileType = sourcecode.c.h; path = "examLocalDataBase-Bridging-Header.h"; sourceTree = "<group>"; };
		496D638229E687A600ABF8C1 /* FMDatabaseAdditions.h */ = {isa = PBXFileReference; fileEncoding = 4; lastKnownFileType = sourcecode.c.h; path = FMDatabaseAdditions.h; sourceTree = "<group>"; };
		496D638329E687A600ABF8C1 /* FMDatabaseAdditions.m */ = {isa = PBXFileReference; fileEncoding = 4; lastKnownFileType = sourcecode.c.objc; path = FMDatabaseAdditions.m; sourceTree = "<group>"; };
		496D638429E687A600ABF8C1 /* FMDatabaseQueue.m */ = {isa = PBXFileReference; fileEncoding = 4; lastKnownFileType = sourcecode.c.objc; path = FMDatabaseQueue.m; sourceTree = "<group>"; };
		496D638529E687A600ABF8C1 /* FMDatabasePool.m */ = {isa = PBXFileReference; fileEncoding = 4; lastKnownFileType = sourcecode.c.objc; path = FMDatabasePool.m; sourceTree = "<group>"; };
		496D638629E687A600ABF8C1 /* FMDatabase.m */ = {isa = PBXFileReference; fileEncoding = 4; lastKnownFileType = sourcecode.c.objc; path = FMDatabase.m; sourceTree = "<group>"; };
		496D638729E687A600ABF8C1 /* FMDB.h */ = {isa = PBXFileReference; fileEncoding = 4; lastKnownFileType = sourcecode.c.h; path = FMDB.h; sourceTree = "<group>"; };
		496D638829E687A600ABF8C1 /* FMDatabase.h */ = {isa = PBXFileReference; fileEncoding = 4; lastKnownFileType = sourcecode.c.h; path = FMDatabase.h; sourceTree = "<group>"; };
		496D638929E687A600ABF8C1 /* FMResultSet.m */ = {isa = PBXFileReference; fileEncoding = 4; lastKnownFileType = sourcecode.c.objc; path = FMResultSet.m; sourceTree = "<group>"; };
		496D638A29E687A600ABF8C1 /* FMDatabasePool.h */ = {isa = PBXFileReference; fileEncoding = 4; lastKnownFileType = sourcecode.c.h; path = FMDatabasePool.h; sourceTree = "<group>"; };
		496D638B29E687A600ABF8C1 /* FMDatabaseQueue.h */ = {isa = PBXFileReference; fileEncoding = 4; lastKnownFileType = sourcecode.c.h; path = FMDatabaseQueue.h; sourceTree = "<group>"; };
		496D638C29E687A600ABF8C1 /* FMResultSet.h */ = {isa = PBXFileReference; fileEncoding = 4; lastKnownFileType = sourcecode.c.h; path = FMResultSet.h; sourceTree = "<group>"; };
		496D639229E687CB00ABF8C1 /* fmdb.swift */ = {isa = PBXFileReference; lastKnownFileType = sourcecode.swift; path = fmdb.swift; sourceTree = "<group>"; };
		496D639829E68C6300ABF8C1 /* ViewController2.swift */ = {isa = PBXFileReference; lastKnownFileType = sourcecode.swift; path = ViewController2.swift; sourceTree = "<group>"; };
		496D639A29E68CB200ABF8C1 /* MyTableViewCell.swift */ = {isa = PBXFileReference; lastKnownFileType = sourcecode.swift; path = MyTableViewCell.swift; sourceTree = "<group>"; };
/* End PBXFileReference section */

/* Begin PBXFrameworksBuildPhase section */
		496D636729E6878000ABF8C1 /* Frameworks */ = {
			isa = PBXFrameworksBuildPhase;
			buildActionMask = 2147483647;
			files = (
			);
			runOnlyForDeploymentPostprocessing = 0;
		};
/* End PBXFrameworksBuildPhase section */

/* Begin PBXGroup section */
		496D636129E6878000ABF8C1 = {
			isa = PBXGroup;
			children = (
				496D636C29E6878000ABF8C1 /* examLocalDataBase */,
				496D636B29E6878000ABF8C1 /* Products */,
			);
			sourceTree = "<group>";
		};
		496D636B29E6878000ABF8C1 /* Products */ = {
			isa = PBXGroup;
			children = (
				496D636A29E6878000ABF8C1 /* examLocalDataBase.app */,
			);
			name = Products;
			sourceTree = "<group>";
		};
		496D636C29E6878000ABF8C1 /* examLocalDataBase */ = {
			isa = PBXGroup;
			children = (
				496D638829E687A600ABF8C1 /* FMDatabase.h */,
				496D638629E687A600ABF8C1 /* FMDatabase.m */,
				496D638229E687A600ABF8C1 /* FMDatabaseAdditions.h */,
				496D638329E687A600ABF8C1 /* FMDatabaseAdditions.m */,
				496D638A29E687A600ABF8C1 /* FMDatabasePool.h */,
				496D638529E687A600ABF8C1 /* FMDatabasePool.m */,
				496D638B29E687A600ABF8C1 /* FMDatabaseQueue.h */,
				496D638429E687A600ABF8C1 /* FMDatabaseQueue.m */,
				496D638729E687A600ABF8C1 /* FMDB.h */,
				496D638C29E687A600ABF8C1 /* FMResultSet.h */,
				496D638929E687A600ABF8C1 /* FMResultSet.m */,
				496D636D29E6878000ABF8C1 /* AppDelegate.swift */,
				496D636F29E6878000ABF8C1 /* SceneDelegate.swift */,
				496D637129E6878000ABF8C1 /* ViewController.swift */,
				496D637329E6878000ABF8C1 /* Main.storyboard */,
				496D639A29E68CB200ABF8C1 /* MyTableViewCell.swift */,
				496D639829E68C6300ABF8C1 /* ViewController2.swift */,
				496D639229E687CB00ABF8C1 /* fmdb.swift */,
				496D637629E6878100ABF8C1 /* Assets.xcassets */,
				496D637829E6878100ABF8C1 /* LaunchScreen.storyboard */,
				496D637B29E6878100ABF8C1 /* Info.plist */,
				496D638129E687A600ABF8C1 /* examLocalDataBase-Bridging-Header.h */,
			);
			path = examLocalDataBase;
			sourceTree = "<group>";
		};
/* End PBXGroup section */

/* Begin PBXNativeTarget section */
		496D636929E6878000ABF8C1 /* examLocalDataBase */ = {
			isa = PBXNativeTarget;
			buildConfigurationList = 496D637E29E6878100ABF8C1 /* Build configuration list for PBXNativeTarget "examLocalDataBase" */;
			buildPhases = (
				496D636629E6878000ABF8C1 /* Sources */,
				496D636729E6878000ABF8C1 /* Frameworks */,
				496D636829E6878000ABF8C1 /* Resources */,
			);
			buildRules = (
			);
			dependencies = (
			);
			name = examLocalDataBase;
			productName = examLocalDataBase;
			productReference = 496D636A29E6878000ABF8C1 /* examLocalDataBase.app */;
			productType = "com.apple.product-type.application";
		};
/* End PBXNativeTarget section */

/* Begin PBXProject section */
		496D636229E6878000ABF8C1 /* Project object */ = {
			isa = PBXProject;
			attributes = {
				BuildIndependentTargetsInParallel = 1;
				LastSwiftUpdateCheck = 1420;
				LastUpgradeCheck = 1420;
				TargetAttributes = {
					496D636929E6878000ABF8C1 = {
						CreatedOnToolsVersion = 14.2;
						LastSwiftMigration = 1420;
					};
				};
			};
			buildConfigurationList = 496D636529E6878000ABF8C1 /* Build configuration list for PBXProject "examLocalDataBase" */;
			compatibilityVersion = "Xcode 13.0";
			developmentRegion = en;
			hasScannedForEncodings = 0;
			knownRegions = (
				en,
				Base,
			);
			mainGroup = 496D636129E6878000ABF8C1;
			productRefGroup = 496D636B29E6878000ABF8C1 /* Products */;
			projectDirPath = "";
			projectRoot = "";
			targets = (
				496D636929E6878000ABF8C1 /* examLocalDataBase */,
			);
		};
/* End PBXProject section */

/* Begin PBXResourcesBuildPhase section */
		496D636829E6878000ABF8C1 /* Resources */ = {
			isa = PBXResourcesBuildPhase;
			buildActionMask = 2147483647;
			files = (
				496D637A29E6878100ABF8C1 /* LaunchScreen.storyboard in Resources */,
				496D637729E6878100ABF8C1 /* Assets.xcassets in Resources */,
				496D637529E6878000ABF8C1 /* Main.storyboard in Resources */,
			);
			runOnlyForDeploymentPostprocessing = 0;
		};
/* End PBXResourcesBuildPhase section */

/* Begin PBXSourcesBuildPhase section */
		496D636629E6878000ABF8C1 /* Sources */ = {
			isa = PBXSourcesBuildPhase;
			buildActionMask = 2147483647;
			files = (
				496D638E29E687A600ABF8C1 /* FMDatabaseQueue.m in Sources */,
				496D638F29E687A600ABF8C1 /* FMDatabasePool.m in Sources */,
				496D639329E687CB00ABF8C1 /* fmdb.swift in Sources */,
				496D639B29E68CB200ABF8C1 /* MyTableViewCell.swift in Sources */,
				496D637229E6878000ABF8C1 /* ViewController.swift in Sources */,
				496D639029E687A600ABF8C1 /* FMDatabase.m in Sources */,
				496D639929E68C6300ABF8C1 /* ViewController2.swift in Sources */,
				496D636E29E6878000ABF8C1 /* AppDelegate.swift in Sources */,
				496D637029E6878000ABF8C1 /* SceneDelegate.swift in Sources */,
				496D639129E687A600ABF8C1 /* FMResultSet.m in Sources */,
				496D638D29E687A600ABF8C1 /* FMDatabaseAdditions.m in Sources */,
			);
			runOnlyForDeploymentPostprocessing = 0;
		};
/* End PBXSourcesBuildPhase section */

/* Begin PBXVariantGroup section */
		496D637329E6878000ABF8C1 /* Main.storyboard */ = {
			isa = PBXVariantGroup;
			children = (
				496D637429E6878000ABF8C1 /* Base */,
			);
			name = Main.storyboard;
			sourceTree = "<group>";
		};
		496D637829E6878100ABF8C1 /* LaunchScreen.storyboard */ = {
			isa = PBXVariantGroup;
			children = (
				496D637929E6878100ABF8C1 /* Base */,
			);
			name = LaunchScreen.storyboard;
			sourceTree = "<group>";
		};
/* End PBXVariantGroup section */

/* Begin XCBuildConfiguration section */
		496D637C29E6878100ABF8C1 /* Debug */ = {
			isa = XCBuildConfiguration;
			buildSettings = {
				ALWAYS_SEARCH_USER_PATHS = NO;
				CLANG_ANALYZER_NONNULL = YES;
				CLANG_ANALYZER_NUMBER_OBJECT_CONVERSION = YES_AGGRESSIVE;
				CLANG_CXX_LANGUAGE_STANDARD = "gnu++20";
				CLANG_ENABLE_MODULES = YES;
				CLANG_ENABLE_OBJC_ARC = YES;
				CLANG_ENABLE_OBJC_WEAK = YES;
				CLANG_WARN_BLOCK_CAPTURE_AUTORELEASING = YES;
				CLANG_WARN_BOOL_CONVERSION = YES;
				CLANG_WARN_COMMA = YES;
				CLANG_WARN_CONSTANT_CONVERSION = YES;
				CLANG_WARN_DEPRECATED_OBJC_IMPLEMENTATIONS = YES;
				CLANG_WARN_DIRECT_OBJC_ISA_USAGE = YES_ERROR;
				CLANG_WARN_DOCUMENTATION_COMMENTS = YES;
				CLANG_WARN_EMPTY_BODY = YES;
				CLANG_WARN_ENUM_CONVERSION = YES;
				CLANG_WARN_INFINITE_RECURSION = YES;
				CLANG_WARN_INT_CONVERSION = YES;
				CLANG_WARN_NON_LITERAL_NULL_CONVERSION = YES;
				CLANG_WARN_OBJC_IMPLICIT_RETAIN_SELF = YES;
				CLANG_WARN_OBJC_LITERAL_CONVERSION = YES;
				CLANG_WARN_OBJC_ROOT_CLASS = YES_ERROR;
				CLANG_WARN_QUOTED_INCLUDE_IN_FRAMEWORK_HEADER = YES;
				CLANG_WARN_RANGE_LOOP_ANALYSIS = YES;
				CLANG_WARN_STRICT_PROTOTYPES = YES;
				CLANG_WARN_SUSPICIOUS_MOVE = YES;
				CLANG_WARN_UNGUARDED_AVAILABILITY = YES_AGGRESSIVE;
				CLANG_WARN_UNREACHABLE_CODE = YES;
				CLANG_WARN__DUPLICATE_METHOD_MATCH = YES;
				COPY_PHASE_STRIP = NO;
				DEBUG_INFORMATION_FORMAT = dwarf;
				ENABLE_STRICT_OBJC_MSGSEND = YES;
				ENABLE_TESTABILITY = YES;
				GCC_C_LANGUAGE_STANDARD = gnu11;
				GCC_DYNAMIC_NO_PIC = NO;
				GCC_NO_COMMON_BLOCKS = YES;
				GCC_OPTIMIZATION_LEVEL = 0;
				GCC_PREPROCESSOR_DEFINITIONS = (
					"DEBUG=1",
					"$(inherited)",
				);
				GCC_WARN_64_TO_32_BIT_CONVERSION = YES;
				GCC_WARN_ABOUT_RETURN_TYPE = YES_ERROR;
				GCC_WARN_UNDECLARED_SELECTOR = YES;
				GCC_WARN_UNINITIALIZED_AUTOS = YES_AGGRESSIVE;
				GCC_WARN_UNUSED_FUNCTION = YES;
				GCC_WARN_UNUSED_VARIABLE = YES;
				IPHONEOS_DEPLOYMENT_TARGET = 16.2;
				MTL_ENABLE_DEBUG_INFO = INCLUDE_SOURCE;
				MTL_FAST_MATH = YES;
				ONLY_ACTIVE_ARCH = YES;
				SDKROOT = iphoneos;
				SWIFT_ACTIVE_COMPILATION_CONDITIONS = DEBUG;
				SWIFT_OPTIMIZATION_LEVEL = "-Onone";
			};
			name = Debug;
		};
		496D637D29E6878100ABF8C1 /* Release */ = {
			isa = XCBuildConfiguration;
			buildSettings = {
				ALWAYS_SEARCH_USER_PATHS = NO;
				CLANG_ANALYZER_NONNULL = YES;
				CLANG_ANALYZER_NUMBER_OBJECT_CONVERSION = YES_AGGRESSIVE;
				CLANG_CXX_LANGUAGE_STANDARD = "gnu++20";
				CLANG_ENABLE_MODULES = YES;
				CLANG_ENABLE_OBJC_ARC = YES;
				CLANG_ENABLE_OBJC_WEAK = YES;
				CLANG_WARN_BLOCK_CAPTURE_AUTORELEASING = YES;
				CLANG_WARN_BOOL_CONVERSION = YES;
				CLANG_WARN_COMMA = YES;
				CLANG_WARN_CONSTANT_CONVERSION = YES;
				CLANG_WARN_DEPRECATED_OBJC_IMPLEMENTATIONS = YES;
				CLANG_WARN_DIRECT_OBJC_ISA_USAGE = YES_ERROR;
				CLANG_WARN_DOCUMENTATION_COMMENTS = YES;
				CLANG_WARN_EMPTY_BODY = YES;
				CLANG_WARN_ENUM_CONVERSION = YES;
				CLANG_WARN_INFINITE_RECURSION = YES;
				CLANG_WARN_INT_CONVERSION = YES;
				CLANG_WARN_NON_LITERAL_NULL_CONVERSION = YES;
				CLANG_WARN_OBJC_IMPLICIT_RETAIN_SELF = YES;
				CLANG_WARN_OBJC_LITERAL_CONVERSION = YES;
				CLANG_WARN_OBJC_ROOT_CLASS = YES_ERROR;
				CLANG_WARN_QUOTED_INCLUDE_IN_FRAMEWORK_HEADER = YES;
				CLANG_WARN_RANGE_LOOP_ANALYSIS = YES;
				CLANG_WARN_STRICT_PROTOTYPES = YES;
				CLANG_WARN_SUSPICIOUS_MOVE = YES;
				CLANG_WARN_UNGUARDED_AVAILABILITY = YES_AGGRESSIVE;
				CLANG_WARN_UNREACHABLE_CODE = YES;
				CLANG_WARN__DUPLICATE_METHOD_MATCH = YES;
				COPY_PHASE_STRIP = NO;
				DEBUG_INFORMATION_FORMAT = "dwarf-with-dsym";
				ENABLE_NS_ASSERTIONS = NO;
				ENABLE_STRICT_OBJC_MSGSEND = YES;
				GCC_C_LANGUAGE_STANDARD = gnu11;
				GCC_NO_COMMON_BLOCKS = YES;
				GCC_WARN_64_TO_32_BIT_CONVERSION = YES;
				GCC_WARN_ABOUT_RETURN_TYPE = YES_ERROR;
				GCC_WARN_UNDECLARED_SELECTOR = YES;
				GCC_WARN_UNINITIALIZED_AUTOS = YES_AGGRESSIVE;
				GCC_WARN_UNUSED_FUNCTION = YES;
				GCC_WARN_UNUSED_VARIABLE = YES;
				IPHONEOS_DEPLOYMENT_TARGET = 16.2;
				MTL_ENABLE_DEBUG_INFO = NO;
				MTL_FAST_MATH = YES;
				SDKROOT = iphoneos;
				SWIFT_COMPILATION_MODE = wholemodule;
				SWIFT_OPTIMIZATION_LEVEL = "-O";
				VALIDATE_PRODUCT = YES;
			};
			name = Release;
		};
		496D637F29E6878100ABF8C1 /* Debug */ = {
			isa = XCBuildConfiguration;
			buildSettings = {
				ASSETCATALOG_COMPILER_APPICON_NAME = AppIcon;
				ASSETCATALOG_COMPILER_GLOBAL_ACCENT_COLOR_NAME = AccentColor;
				CLANG_ENABLE_MODULES = YES;
				CODE_SIGN_STYLE = Automatic;
				CURRENT_PROJECT_VERSION = 1;
				GENERATE_INFOPLIST_FILE = YES;
				INFOPLIST_FILE = examLocalDataBase/Info.plist;
				INFOPLIST_KEY_UIApplicationSupportsIndirectInputEvents = YES;
				INFOPLIST_KEY_UILaunchStoryboardName = LaunchScreen;
				INFOPLIST_KEY_UIMainStoryboardFile = Main;
				INFOPLIST_KEY_UISupportedInterfaceOrientations_iPad = "UIInterfaceOrientationPortrait UIInterfaceOrientationPortraitUpsideDown UIInterfaceOrientationLandscapeLeft UIInterfaceOrientationLandscapeRight";
				INFOPLIST_KEY_UISupportedInterfaceOrientations_iPhone = "UIInterfaceOrientationPortrait UIInterfaceOrientationLandscapeLeft UIInterfaceOrientationLandscapeRight";
				LD_RUNPATH_SEARCH_PATHS = (
					"$(inherited)",
					"@executable_path/Frameworks",
				);
				MARKETING_VERSION = 1.0;
				PRODUCT_BUNDLE_IDENTIFIER = jenis.examLocalDataBase;
				PRODUCT_NAME = "$(TARGET_NAME)";
				SWIFT_EMIT_LOC_STRINGS = YES;
				SWIFT_OBJC_BRIDGING_HEADER = "examLocalDataBase/examLocalDataBase-Bridging-Header.h";
				SWIFT_OPTIMIZATION_LEVEL = "-Onone";
				SWIFT_VERSION = 5.0;
				TARGETED_DEVICE_FAMILY = "1,2";
			};
			name = Debug;
		};
		496D638029E6878100ABF8C1 /* Release */ = {
			isa = XCBuildConfiguration;
			buildSettings = {
				ASSETCATALOG_COMPILER_APPICON_NAME = AppIcon;
				ASSETCATALOG_COMPILER_GLOBAL_ACCENT_COLOR_NAME = AccentColor;
				CLANG_ENABLE_MODULES = YES;
				CODE_SIGN_STYLE = Automatic;
				CURRENT_PROJECT_VERSION = 1;
				GENERATE_INFOPLIST_FILE = YES;
				INFOPLIST_FILE = examLocalDataBase/Info.plist;
				INFOPLIST_KEY_UIApplicationSupportsIndirectInputEvents = YES;
				INFOPLIST_KEY_UILaunchStoryboardName = LaunchScreen;
				INFOPLIST_KEY_UIMainStoryboardFile = Main;
				INFOPLIST_KEY_UISupportedInterfaceOrientations_iPad = "UIInterfaceOrientationPortrait UIInterfaceOrientationPortraitUpsideDown UIInterfaceOrientationLandscapeLeft UIInterfaceOrientationLandscapeRight";
				INFOPLIST_KEY_UISupportedInterfaceOrientations_iPhone = "UIInterfaceOrientationPortrait UIInterfaceOrientationLandscapeLeft UIInterfaceOrientationLandscapeRight";
				LD_RUNPATH_SEARCH_PATHS = (
					"$(inherited)",
					"@executable_path/Frameworks",
				);
				MARKETING_VERSION = 1.0;
				PRODUCT_BUNDLE_IDENTIFIER = jenis.examLocalDataBase;
				PRODUCT_NAME = "$(TARGET_NAME)";
				SWIFT_EMIT_LOC_STRINGS = YES;
				SWIFT_OBJC_BRIDGING_HEADER = "examLocalDataBase/examLocalDataBase-Bridging-Header.h";
				SWIFT_VERSION = 5.0;
				TARGETED_DEVICE_FAMILY = "1,2";
			};
			name = Release;
		};
/* End XCBuildConfiguration section */

/* Begin XCConfigurationList section */
		496D636529E6878000ABF8C1 /* Build configuration list for PBXProject "examLocalDataBase" */ = {
			isa = XCConfigurationList;
			buildConfigurations = (
				496D637C29E6878100ABF8C1 /* Debug */,
				496D637D29E6878100ABF8C1 /* Release */,
			);
			defaultConfigurationIsVisible = 0;
			defaultConfigurationName = Release;
		};
		496D637E29E6878100ABF8C1 /* Build configuration list for PBXNativeTarget "examLocalDataBase" */ = {
			isa = XCConfigurationList;
			buildConfigurations = (
				496D637F29E6878100ABF8C1 /* Debug */,
				496D638029E6878100ABF8C1 /* Release */,
			);
			defaultConfigurationIsVisible = 0;
			defaultConfigurationName = Release;
		};
/* End XCConfigurationList section */
	};
	rootObject = 496D636229E6878000ABF8C1 /* Project object */;
}
